
Microsoft Visual Studio Solution File, Format Version 12.00
# Visual Studio Version 17
VisualStudioVersion = 17.5.33627.172
MinimumVisualStudioVersion = 10.0.40219.1
Project("{9A19103F-16F7-4668-BE54-9A1E7A4F7556}") = "WebApplication3", "WebApplication3\WebApplication3.csproj", "{171398D3-4E13-4861-A76E-A36337BCE84F}"
EndProject
Global
	GlobalSection(SolutionConfigurationPlatforms) = preSolution
		Debug|Any CPU = Debug|Any CPU
		Release|Any CPU = Release|Any CPU
	EndGlobalSection
	GlobalSection(ProjectConfigurationPlatforms) = postSolution
		{171398D3-4E13-4861-A76E-A36337BCE84F}.Debug|Any CPU.ActiveCfg = Debug|Any CPU
		{171398D3-4E13-4861-A76E-A36337BCE84F}.Debug|Any CPU.Build.0 = Debug|Any CPU
		{171398D3-4E13-4861-A76E-A36337BCE84F}.Release|Any CPU.ActiveCfg = Release|Any CPU
		{171398D3-4E13-4861-A76E-A36337BCE84F}.Release|Any CPU.Build.0 = Release|Any CPU
	EndGlobalSection
	GlobalSection(SolutionProperties) = preSolution
		HideSolutionNode = FALSE
	EndGlobalSection
	GlobalSection(ExtensibilityGlobals) = postSolution
		SolutionGuid = {45EF064A-8C71-495C-87A2-BD70E9D7EE35}
	EndGlobalSection
EndGlobal
